<?xml version="1.0" encoding="utf-8"?>
<Project ToolsVersion="4.0" xmlns="http://schemas.microsoft.com/developer/msbuild/2003">
  <ItemGroup>
    <Filter Include="Code">
      <UniqueIdentifier>{4FC737F1-C7A5-4376-A066-2A32D752A2FF}</UniqueIdentifier>
      <Extensions>cpp;c;cc;cxx;def;odl;idl;hpj;bat;asm;asmx</Extensions>
    </Filter>
    <Filter Include="Code\Framework">
      <UniqueIdentifier>{dd59f3ed-b2b4-44aa-a095-93e5bdf2b5ef}</UniqueIdentifier>
    </Filter>
    <Filter Include="Resources">
      <UniqueIdentifier>{8af80a57-8804-4fa7-83be-b98adf924ef7}</UniqueIdentifier>
    </Filter>
    <Filter Include="Code\Game">
      <UniqueIdentifier>{0dd92a35-707d-4aac-a22f-107c1fc7d54a}</UniqueIdentifier>
    </Filter>
    <Filter Include="Code\Game\Actor">
      <UniqueIdentifier>{f37b5a4d-7a2d-426f-b549-984a9867ab05}</UniqueIdentifier>
    </Filter>
    <Filter Include="Code\Game\Actor\Item">
      <UniqueIdentifier>{957e3371-b29b-4962-8ed7-0c25d8faf976}</UniqueIdentifier>
    </Filter>
    <Filter Include="Shared">
      <UniqueIdentifier>{07c3ae96-0b91-4d8b-ad1e-d16b9e0be741}</UniqueIdentifier>
    </Filter>
    <Filter Include="Code\Game\Actor\Controllers">
      <UniqueIdentifier>{6203cde5-8d1f-4003-aa5a-3a7736d06b2e}</UniqueIdentifier>
    </Filter>
    <Filter Include="Code\Game\Chunk">
      <UniqueIdentifier>{09620e06-e7f0-4573-976c-df2b56291b6d}</UniqueIdentifier>
    </Filter>
    <Filter Include="Code\Game\Actor\Components">
      <UniqueIdentifier>{d0b23fc0-0cd9-4887-8eea-d96b2c0d0efe}</UniqueIdentifier>
    </Filter>
    <Filter Include="Code\Game\Actor\Projectile">
      <UniqueIdentifier>{fdbdbe77-152b-464f-984e-e2f02e1c0c77}</UniqueIdentifier>
    </Filter>
  </ItemGroup>
  <ItemGroup>
    <ClCompile Include="main.cpp">
      <Filter>Code</Filter>
    </ClCompile>
    <ClCompile Include="program.cpp">
      <Filter>Code</Filter>
    </ClCompile>
    <ClCompile Include="framework.cpp">
      <Filter>Code\Framework</Filter>
    </ClCompile>
    <ClCompile Include="game.cpp">
      <Filter>Code\Game</Filter>
    </ClCompile>
    <ClCompile Include="map.cpp">
      <Filter>Code\Game</Filter>
    </ClCompile>
    <ClCompile Include="actor.cpp">
      <Filter>Code\Game\Actor</Filter>
    </ClCompile>
    <ClCompile Include="mathutils.cpp">
      <Filter>Code\Framework</Filter>
    </ClCompile>
    <ClCompile Include="shadow.cpp">
      <Filter>Code\Framework</Filter>
    </ClCompile>
    <ClCompile Include="entity.cpp">
      <Filter>Code\Game\Actor</Filter>
    </ClCompile>
    <ClCompile Include="itemdrop.cpp">
      <Filter>Code\Game\Actor</Filter>
    </ClCompile>
    <ClCompile Include="item.cpp">
      <Filter>Code\Game\Actor\Item</Filter>
    </ClCompile>
    <ClCompile Include="inventory.cpp">
      <Filter>Code\Game\Actor\Item</Filter>
    </ClCompile>
    <ClCompile Include="player.cpp">
      <Filter>Code\Game\Actor</Filter>
    </ClCompile>
    <ClCompile Include="stdafx.cpp">
      <Filter>Code</Filter>
    </ClCompile>
    <ClCompile Include="network.cpp">
      <Filter>Code</Filter>
    </ClCompile>
    <ClCompile Include="playercontroller.cpp">
      <Filter>Code\Game\Actor\Controllers</Filter>
    </ClCompile>
    <ClCompile Include="chunk.cpp">
      <Filter>Code\Game\Chunk</Filter>
    </ClCompile>
    <ClCompile Include="rect.cpp">
      <Filter>Code\Framework</Filter>
    </ClCompile>
    <ClCompile Include="chunkcomponent.cpp">
      <Filter>Code\Game\Actor\Components</Filter>
    </ClCompile>
    <ClCompile Include="component.cpp">
      <Filter>Code\Game\Actor\Components</Filter>
    </ClCompile>
    <ClCompile Include="chunkmonitorcomponent.cpp">
      <Filter>Code\Game\Actor\Components</Filter>
    </ClCompile>
    <ClCompile Include="netcomponent.cpp">
      <Filter>Code\Game\Actor\Components</Filter>
    </ClCompile>
    <ClCompile Include="aicomponent.cpp">
      <Filter>Code\Game\Actor\Components</Filter>
    </ClCompile>
    <ClCompile Include="mob.cpp">
      <Filter>Code\Game\Actor</Filter>
    </ClCompile>
    <ClCompile Include="line.cpp">
      <Filter>Code\Framework</Filter>
    </ClCompile>
    <ClCompile Include="projectile.cpp">
      <Filter>Code\Game\Actor\Projectile</Filter>
    </ClCompile>
    <ClCompile Include="config.cpp">
      <Filter>Code\Framework</Filter>
    </ClCompile>
    <ClCompile Include="database.cpp">
      <Filter>Code\Framework</Filter>
    </ClCompile>
    <ClCompile Include="actorcontroller.cpp">
      <Filter>Code\Game\Actor\Controllers</Filter>
    </ClCompile>
  </ItemGroup>
  <ItemGroup>
    <ClInclude Include="program.h">
      <Filter>Code</Filter>
    </ClInclude>
    <ClInclude Include="framework.h">
      <Filter>Code\Framework</Filter>
    </ClInclude>
    <ClInclude Include="game.h">
      <Filter>Code\Game</Filter>
    </ClInclude>
    <ClInclude Include="map.h">
      <Filter>Code\Game</Filter>
    </ClInclude>
    <ClInclude Include="actor.h">
      <Filter>Code\Game\Actor</Filter>
    </ClInclude>
    <ClInclude Include="mathutils.hpp">
      <Filter>Code\Framework</Filter>
    </ClInclude>
    <ClInclude Include="shadow.h">
      <Filter>Code\Framework</Filter>
    </ClInclude>
    <ClInclude Include="entity.h">
      <Filter>Code\Game\Actor</Filter>
    </ClInclude>
    <ClInclude Include="itemdrop.h">
      <Filter>Code\Game\Actor</Filter>
    </ClInclude>
    <ClInclude Include="collision.h">
      <Filter>Code\Game\Actor</Filter>
    </ClInclude>
    <ClInclude Include="item.h">
      <Filter>Code\Game\Actor\Item</Filter>
    </ClInclude>
    <ClInclude Include="inventory.h">
      <Filter>Code\Game\Actor\Item</Filter>
    </ClInclude>
    <ClInclude Include="player.h">
      <Filter>Code\Game\Actor</Filter>
    </ClInclude>
    <ClInclude Include="..\..\shared_code\protocol.h">
      <Filter>Shared</Filter>
    </ClInclude>
    <ClInclude Include="stdafx.h">
      <Filter>Code</Filter>
    </ClInclude>
    <ClInclude Include="network.h">
      <Filter>Code</Filter>
    </ClInclude>
    <ClInclude Include="playercontroller.h">
      <Filter>Code\Game\Actor\Controllers</Filter>
    </ClInclude>
    <ClInclude Include="collection.h">
      <Filter>Code\Game\Actor</Filter>
    </ClInclude>
    <ClInclude Include="chunk.h">
      <Filter>Code\Game\Chunk</Filter>
    </ClInclude>
    <ClInclude Include="rect.h">
      <Filter>Code\Framework</Filter>
    </ClInclude>
    <ClInclude Include="chunkcomponent.h">
      <Filter>Code\Game\Actor\Components</Filter>
    </ClInclude>
    <ClInclude Include="component.h">
      <Filter>Code\Game\Actor\Components</Filter>
    </ClInclude>
    <ClInclude Include="chunkmonitorcomponent.h">
      <Filter>Code\Game\Actor\Components</Filter>
    </ClInclude>
    <ClInclude Include="lock_break.hpp">
      <Filter>Code\Framework</Filter>
    </ClInclude>
    <ClInclude Include="..\..\shared_code\types.h">
      <Filter>Shared</Filter>
    </ClInclude>
    <ClInclude Include="netcomponent.h">
      <Filter>Code\Game\Actor\Components</Filter>
    </ClInclude>
    <ClInclude Include="aicomponent.h">
      <Filter>Code\Game\Actor\Components</Filter>
    </ClInclude>
    <ClInclude Include="mob.h">
      <Filter>Code\Game\Actor</Filter>
    </ClInclude>
    <ClInclude Include="..\..\shared_code\timer.h">
      <Filter>Shared</Filter>
    </ClInclude>
    <ClInclude Include="line.h">
      <Filter>Code\Framework</Filter>
    </ClInclude>
    <ClInclude Include="projectile.h">
      <Filter>Code\Game\Actor\Projectile</Filter>
    </ClInclude>
    <ClInclude Include="config.h">
      <Filter>Code\Framework</Filter>
    </ClInclude>
    <ClInclude Include="database.h">
      <Filter>Code\Framework</Filter>
    </ClInclude>
    <ClInclude Include="actorcontroller.h">
      <Filter>Code\Game\Actor\Controllers</Filter>
    </ClInclude>
  </ItemGroup>
  <ItemGroup>
    <Image Include="map.png">
      <Filter>Resources</Filter>
    </Image>
  </ItemGroup>
</Project>